<Solution>
  <Project Path="AgenticMES.Application.Tests/AgenticMES.Application.Tests.csproj" />
  <Project Path="AgenticMES.Application/AgenticMES.Application.csproj" />
  <Project Path="AgenticMES.ConsoleApp/AgenticMES.ConsoleApp.csproj" />
  <Project Path="AgenticMES.Domain/AgenticMES.Domain.csproj" />
  <Project Path="AgenticMES.Infrastructure/AgenticMES.Infrastructure.csproj" />
</Solution>
